
Microsoft Visual Studio Solution File, Format Version 12.00
# Visual Studio Version 17
VisualStudioVersion = 17.6.33712.159
MinimumVisualStudioVersion = 10.0.40219.1
Project("{FAE04EC0-301F-11D3-BF4B-00C04F79EFBC}") = "конвертер валют консоль", "конвертер валют консоль\конвертер валют консоль.csproj", "{FCB28B43-B1BC-4B65-8F28-98BE9B825478}"
EndProject
Global
	GlobalSection(SolutionConfigurationPlatforms) = preSolution
		Debug|Any CPU = Debug|Any CPU
		Release|Any CPU = Release|Any CPU
	EndGlobalSection
	GlobalSection(ProjectConfigurationPlatforms) = postSolution
		{FCB28B43-B1BC-4B65-8F28-98BE9B825478}.Debug|Any CPU.ActiveCfg = Debug|Any CPU
		{FCB28B43-B1BC-4B65-8F28-98BE9B825478}.Debug|Any CPU.Build.0 = Debug|Any CPU
		{FCB28B43-B1BC-4B65-8F28-98BE9B825478}.Release|Any CPU.ActiveCfg = Release|Any CPU
		{FCB28B43-B1BC-4B65-8F28-98BE9B825478}.Release|Any CPU.Build.0 = Release|Any CPU
	EndGlobalSection
	GlobalSection(SolutionProperties) = preSolution
		HideSolutionNode = FALSE
	EndGlobalSection
	GlobalSection(ExtensibilityGlobals) = postSolution
		SolutionGuid = {C5DCCF21-AC81-49D0-8CD0-BE9373EB3509}
	EndGlobalSection
EndGlobal
